
Microsoft Visual Studio Solution File, Format Version 12.00
# Visual Studio Version 16
VisualStudioVersion = 16.0.29613.14
MinimumVisualStudioVersion = 10.0.40219.1
Project("{FAE04EC0-301F-11D3-BF4B-00C04F79EFBC}") = "OpenBankLembrete", "OpenBankLembrete\OpenBankLembrete.csproj", "{93FBF21C-1F86-4AA2-B48C-314B554D3AFB}"
EndProject
Global
	GlobalSection(SolutionConfigurationPlatforms) = preSolution
		Debug|Any CPU = Debug|Any CPU
		Release|Any CPU = Release|Any CPU
	EndGlobalSection
	GlobalSection(ProjectConfigurationPlatforms) = postSolution
		{93FBF21C-1F86-4AA2-B48C-314B554D3AFB}.Debug|Any CPU.ActiveCfg = Debug|Any CPU
		{93FBF21C-1F86-4AA2-B48C-314B554D3AFB}.Debug|Any CPU.Build.0 = Debug|Any CPU
		{93FBF21C-1F86-4AA2-B48C-314B554D3AFB}.Release|Any CPU.ActiveCfg = Release|Any CPU
		{93FBF21C-1F86-4AA2-B48C-314B554D3AFB}.Release|Any CPU.Build.0 = Release|Any CPU
	EndGlobalSection
	GlobalSection(SolutionProperties) = preSolution
		HideSolutionNode = FALSE
	EndGlobalSection
	GlobalSection(ExtensibilityGlobals) = postSolution
		SolutionGuid = {A9ACA452-0C8F-412C-8299-3D09CA141991}
	EndGlobalSection
EndGlobal
